// !$*UTF8*$!
{
	archiveVersion = 1;
	classes = {
	};
	objectVersion = 56;
	objects = {

/* Begin PBXBuildFile section */
		8F09DD672B24A5D700550F48 /* DisplayExerciseHome.swift in Sources */ = {isa = PBXBuildFile; fileRef = 8F09DD662B24A5D700550F48 /* DisplayExerciseHome.swift */; };
		8F445F872AD44164006F5D45 /* AddWorkout.swift in Sources */ = {isa = PBXBuildFile; fileRef = 8F445F862AD44164006F5D45 /* AddWorkout.swift */; };
		8F445F892AD44171006F5D45 /* AddWorkoutViewModel.swift in Sources */ = {isa = PBXBuildFile; fileRef = 8F445F882AD44171006F5D45 /* AddWorkoutViewModel.swift */; };
		8F4C30332ACC85F900A4ADDD /* ExerciseItem.swift in Sources */ = {isa = PBXBuildFile; fileRef = 8F4C30322ACC85F900A4ADDD /* ExerciseItem.swift */; };
		8F4C30352ACC8AA600A4ADDD /* Extension.swift in Sources */ = {isa = PBXBuildFile; fileRef = 8F4C30342ACC8AA600A4ADDD /* Extension.swift */; };
		8F5FC1362B23713700DDEA6D /* WorkoutItem.swift in Sources */ = {isa = PBXBuildFile; fileRef = 8F5FC1352B23713700DDEA6D /* WorkoutItem.swift */; };
		8F818F532ACF1DB800202EDC /* DisplayExercise.swift in Sources */ = {isa = PBXBuildFile; fileRef = 8F818F522ACF1DB800202EDC /* DisplayExercise.swift */; };
		8F8E07722B24512F00D4C0F0 /* HomeViewModel.swift in Sources */ = {isa = PBXBuildFile; fileRef = 8F8E07712B24512F00D4C0F0 /* HomeViewModel.swift */; };
		8F8E07742B24552300D4C0F0 /* DisplayWorkoutsViewModel.swift in Sources */ = {isa = PBXBuildFile; fileRef = 8F8E07732B24552300D4C0F0 /* DisplayWorkoutsViewModel.swift */; };
		D7DD576F2ACB553600685F30 /* LightweightApp.swift in Sources */ = {isa = PBXBuildFile; fileRef = D7DD576E2ACB553600685F30 /* LightweightApp.swift */; };
		D7DD57762ACB553D00685F30 /* Preview Assets.xcassets in Resources */ = {isa = PBXBuildFile; fileRef = D7DD57752ACB553D00685F30 /* Preview Assets.xcassets */; };
		D7DD577D2ACB55A200685F30 /* GoogleService-Info.plist in Resources */ = {isa = PBXBuildFile; fileRef = D7DD577C2ACB55A100685F30 /* GoogleService-Info.plist */; };
		D7DD577F2ACB55E700685F30 /* RootView.swift in Sources */ = {isa = PBXBuildFile; fileRef = D7DD577E2ACB55E700685F30 /* RootView.swift */; };
		D7DD578B2ACB572F00685F30 /* MainTabView.swift in Sources */ = {isa = PBXBuildFile; fileRef = D7DD578A2ACB572F00685F30 /* MainTabView.swift */; };
		D7DD57922ACB576000685F30 /* DisplayWorkouts.swift in Sources */ = {isa = PBXBuildFile; fileRef = D7DD578C2ACB575F00685F30 /* DisplayWorkouts.swift */; };
		D7DD57932ACB576000685F30 /* WorkoutStatView.swift in Sources */ = {isa = PBXBuildFile; fileRef = D7DD578D2ACB575F00685F30 /* WorkoutStatView.swift */; };
		D7DD57942ACB576000685F30 /* AddExerciseViewModel.swift in Sources */ = {isa = PBXBuildFile; fileRef = D7DD578E2ACB576000685F30 /* AddExerciseViewModel.swift */; };
		D7DD57952ACB576000685F30 /* ButtonLightweight.swift in Sources */ = {isa = PBXBuildFile; fileRef = D7DD578F2ACB576000685F30 /* ButtonLightweight.swift */; };
		D7DD57972ACB576000685F30 /* UserStatView.swift in Sources */ = {isa = PBXBuildFile; fileRef = D7DD57912ACB576000685F30 /* UserStatView.swift */; };
		D7DD57992ACB57A000685F30 /* AddExercise.swift in Sources */ = {isa = PBXBuildFile; fileRef = D7DD57982ACB57A000685F30 /* AddExercise.swift */; };
		D7DD579C2ACB57B900685F30 /* AuthenticationManager.swift in Sources */ = {isa = PBXBuildFile; fileRef = D7DD579A2ACB57B900685F30 /* AuthenticationManager.swift */; };
		D7DD579D2ACB57B900685F30 /* AuthenticationView.swift in Sources */ = {isa = PBXBuildFile; fileRef = D7DD579B2ACB57B900685F30 /* AuthenticationView.swift */; };
		D7DD579F2ACB57C800685F30 /* Home.swift in Sources */ = {isa = PBXBuildFile; fileRef = D7DD579E2ACB57C800685F30 /* Home.swift */; };
		D7DD57A52ACB57F200685F30 /* Add.swift in Sources */ = {isa = PBXBuildFile; fileRef = D7DD57A32ACB57F200685F30 /* Add.swift */; };
		D7DD57A62ACB57F200685F30 /* AddViewModel.swift in Sources */ = {isa = PBXBuildFile; fileRef = D7DD57A42ACB57F200685F30 /* AddViewModel.swift */; };
		D7DD57A82ACB57FF00685F30 /* SettingsView.swift in Sources */ = {isa = PBXBuildFile; fileRef = D7DD57A72ACB57FF00685F30 /* SettingsView.swift */; };
		D7DD57AC2ACB58B900685F30 /* Assets.xcassets in Resources */ = {isa = PBXBuildFile; fileRef = D7DD57AB2ACB58B900685F30 /* Assets.xcassets */; };
		D7DD57AF2ACB593700685F30 /* FirebaseAnalytics in Frameworks */ = {isa = PBXBuildFile; productRef = D7DD57AE2ACB593700685F30 /* FirebaseAnalytics */; };
		D7DD57B32ACB593700685F30 /* FirebaseAnalyticsSwift in Frameworks */ = {isa = PBXBuildFile; productRef = D7DD57B22ACB593700685F30 /* FirebaseAnalyticsSwift */; };
		D7DD57BB2ACB593700685F30 /* FirebaseAuth in Frameworks */ = {isa = PBXBuildFile; productRef = D7DD57BA2ACB593700685F30 /* FirebaseAuth */; };
		D7DD57C72ACB593700685F30 /* FirebaseFirestore in Frameworks */ = {isa = PBXBuildFile; productRef = D7DD57C62ACB593700685F30 /* FirebaseFirestore */; };
		D7DD57CB2ACB593700685F30 /* FirebaseFirestoreSwift in Frameworks */ = {isa = PBXBuildFile; productRef = D7DD57CA2ACB593700685F30 /* FirebaseFirestoreSwift */; };
/* End PBXBuildFile section */

/* Begin PBXFileReference section */
		8F09DD662B24A5D700550F48 /* DisplayExerciseHome.swift */ = {isa = PBXFileReference; lastKnownFileType = sourcecode.swift; path = DisplayExerciseHome.swift; sourceTree = "<group>"; };
		8F445F862AD44164006F5D45 /* AddWorkout.swift */ = {isa = PBXFileReference; lastKnownFileType = sourcecode.swift; path = AddWorkout.swift; sourceTree = "<group>"; };
		8F445F882AD44171006F5D45 /* AddWorkoutViewModel.swift */ = {isa = PBXFileReference; lastKnownFileType = sourcecode.swift; path = AddWorkoutViewModel.swift; sourceTree = "<group>"; };
		8F4C30322ACC85F900A4ADDD /* ExerciseItem.swift */ = {isa = PBXFileReference; lastKnownFileType = sourcecode.swift; path = ExerciseItem.swift; sourceTree = "<group>"; };
		8F4C30342ACC8AA600A4ADDD /* Extension.swift */ = {isa = PBXFileReference; lastKnownFileType = sourcecode.swift; path = Extension.swift; sourceTree = "<group>"; };
		8F5FC1352B23713700DDEA6D /* WorkoutItem.swift */ = {isa = PBXFileReference; lastKnownFileType = sourcecode.swift; name = WorkoutItem.swift; path = ../Add/WorkoutItem.swift; sourceTree = "<group>"; };
		8F818F522ACF1DB800202EDC /* DisplayExercise.swift */ = {isa = PBXFileReference; lastKnownFileType = sourcecode.swift; path = DisplayExercise.swift; sourceTree = "<group>"; };
		8F8E07712B24512F00D4C0F0 /* HomeViewModel.swift */ = {isa = PBXFileReference; lastKnownFileType = sourcecode.swift; path = HomeViewModel.swift; sourceTree = "<group>"; };
		8F8E07732B24552300D4C0F0 /* DisplayWorkoutsViewModel.swift */ = {isa = PBXFileReference; lastKnownFileType = sourcecode.swift; path = DisplayWorkoutsViewModel.swift; sourceTree = "<group>"; };
		D7DD576B2ACB553600685F30 /* Lightweight.app */ = {isa = PBXFileReference; explicitFileType = wrapper.application; includeInIndex = 0; path = Lightweight.app; sourceTree = BUILT_PRODUCTS_DIR; };
		D7DD576E2ACB553600685F30 /* LightweightApp.swift */ = {isa = PBXFileReference; lastKnownFileType = sourcecode.swift; path = LightweightApp.swift; sourceTree = "<group>"; };
		D7DD57752ACB553D00685F30 /* Preview Assets.xcassets */ = {isa = PBXFileReference; lastKnownFileType = folder.assetcatalog; path = "Preview Assets.xcassets"; sourceTree = "<group>"; };
		D7DD577C2ACB55A100685F30 /* GoogleService-Info.plist */ = {isa = PBXFileReference; fileEncoding = 4; lastKnownFileType = text.plist.xml; path = "GoogleService-Info.plist"; sourceTree = "<group>"; };
		D7DD577E2ACB55E700685F30 /* RootView.swift */ = {isa = PBXFileReference; lastKnownFileType = sourcecode.swift; path = RootView.swift; sourceTree = "<group>"; };
		D7DD578A2ACB572F00685F30 /* MainTabView.swift */ = {isa = PBXFileReference; fileEncoding = 4; lastKnownFileType = sourcecode.swift; path = MainTabView.swift; sourceTree = "<group>"; };
		D7DD578C2ACB575F00685F30 /* DisplayWorkouts.swift */ = {isa = PBXFileReference; fileEncoding = 4; lastKnownFileType = sourcecode.swift; path = DisplayWorkouts.swift; sourceTree = "<group>"; };
		D7DD578D2ACB575F00685F30 /* WorkoutStatView.swift */ = {isa = PBXFileReference; fileEncoding = 4; lastKnownFileType = sourcecode.swift; path = WorkoutStatView.swift; sourceTree = "<group>"; };
		D7DD578E2ACB576000685F30 /* AddExerciseViewModel.swift */ = {isa = PBXFileReference; fileEncoding = 4; lastKnownFileType = sourcecode.swift; path = AddExerciseViewModel.swift; sourceTree = "<group>"; };
		D7DD578F2ACB576000685F30 /* ButtonLightweight.swift */ = {isa = PBXFileReference; fileEncoding = 4; lastKnownFileType = sourcecode.swift; path = ButtonLightweight.swift; sourceTree = "<group>"; };
		D7DD57912ACB576000685F30 /* UserStatView.swift */ = {isa = PBXFileReference; fileEncoding = 4; lastKnownFileType = sourcecode.swift; path = UserStatView.swift; sourceTree = "<group>"; };
		D7DD57982ACB57A000685F30 /* AddExercise.swift */ = {isa = PBXFileReference; fileEncoding = 4; lastKnownFileType = sourcecode.swift; path = AddExercise.swift; sourceTree = "<group>"; };
		D7DD579A2ACB57B900685F30 /* AuthenticationManager.swift */ = {isa = PBXFileReference; fileEncoding = 4; lastKnownFileType = sourcecode.swift; path = AuthenticationManager.swift; sourceTree = "<group>"; };
		D7DD579B2ACB57B900685F30 /* AuthenticationView.swift */ = {isa = PBXFileReference; fileEncoding = 4; lastKnownFileType = sourcecode.swift; path = AuthenticationView.swift; sourceTree = "<group>"; };
		D7DD579E2ACB57C800685F30 /* Home.swift */ = {isa = PBXFileReference; fileEncoding = 4; lastKnownFileType = sourcecode.swift; path = Home.swift; sourceTree = "<group>"; };
		D7DD57A32ACB57F200685F30 /* Add.swift */ = {isa = PBXFileReference; fileEncoding = 4; lastKnownFileType = sourcecode.swift; path = Add.swift; sourceTree = "<group>"; };
		D7DD57A42ACB57F200685F30 /* AddViewModel.swift */ = {isa = PBXFileReference; fileEncoding = 4; lastKnownFileType = sourcecode.swift; path = AddViewModel.swift; sourceTree = "<group>"; };
		D7DD57A72ACB57FF00685F30 /* SettingsView.swift */ = {isa = PBXFileReference; fileEncoding = 4; lastKnownFileType = sourcecode.swift; path = SettingsView.swift; sourceTree = "<group>"; };
		D7DD57AB2ACB58B900685F30 /* Assets.xcassets */ = {isa = PBXFileReference; lastKnownFileType = folder.assetcatalog; path = Assets.xcassets; sourceTree = "<group>"; };
/* End PBXFileReference section */

/* Begin PBXFrameworksBuildPhase section */
		D7DD57682ACB553600685F30 /* Frameworks */ = {
			isa = PBXFrameworksBuildPhase;
			buildActionMask = 2147483647;
			files = (
				D7DD57C72ACB593700685F30 /* FirebaseFirestore in Frameworks */,
				D7DD57B32ACB593700685F30 /* FirebaseAnalyticsSwift in Frameworks */,
				D7DD57AF2ACB593700685F30 /* FirebaseAnalytics in Frameworks */,
				D7DD57CB2ACB593700685F30 /* FirebaseFirestoreSwift in Frameworks */,
				D7DD57BB2ACB593700685F30 /* FirebaseAuth in Frameworks */,
			);
			runOnlyForDeploymentPostprocessing = 0;
		};
/* End PBXFrameworksBuildPhase section */

/* Begin PBXGroup section */
		D7DD57622ACB553600685F30 = {
			isa = PBXGroup;
			children = (
				D7DD576D2ACB553600685F30 /* Lightweight */,
				D7DD576C2ACB553600685F30 /* Products */,
				D7DD57E42ACB59BB00685F30 /* Frameworks */,
			);
			sourceTree = "<group>";
		};
		D7DD576C2ACB553600685F30 /* Products */ = {
			isa = PBXGroup;
			children = (
				D7DD576B2ACB553600685F30 /* Lightweight.app */,
			);
			name = Products;
			sourceTree = "<group>";
		};
		D7DD576D2ACB553600685F30 /* Lightweight */ = {
			isa = PBXGroup;
			children = (
				D7DD57AB2ACB58B900685F30 /* Assets.xcassets */,
				D7DD57812ACB56AC00685F30 /* Core */,
				D7DD57802ACB565100685F30 /* App */,
				D7DD577C2ACB55A100685F30 /* GoogleService-Info.plist */,
				D7DD577E2ACB55E700685F30 /* RootView.swift */,
				D7DD57742ACB553D00685F30 /* Preview Content */,
			);
			path = Lightweight;
			sourceTree = "<group>";
		};
		D7DD57742ACB553D00685F30 /* Preview Content */ = {
			isa = PBXGroup;
			children = (
				D7DD57752ACB553D00685F30 /* Preview Assets.xcassets */,
			);
			path = "Preview Content";
			sourceTree = "<group>";
		};
		D7DD57802ACB565100685F30 /* App */ = {
			isa = PBXGroup;
			children = (
				D7DD576E2ACB553600685F30 /* LightweightApp.swift */,
			);
			path = App;
			sourceTree = "<group>";
		};
		D7DD57812ACB56AC00685F30 /* Core */ = {
			isa = PBXGroup;
			children = (
				D7DD57892ACB570300685F30 /* TabBar */,
				D7DD57882ACB56F300685F30 /* Components */,
				D7DD57862ACB56E700685F30 /* Home */,
				D7DD57842ACB56D500685F30 /* Add */,
				D7DD57872ACB56ED00685F30 /* Authentication */,
				D7DD57832ACB56CF00685F30 /* Settings */,
			);
			path = Core;
			sourceTree = "<group>";
		};
		D7DD57832ACB56CF00685F30 /* Settings */ = {
			isa = PBXGroup;
			children = (
				D7DD57A72ACB57FF00685F30 /* SettingsView.swift */,
			);
			path = Settings;
			sourceTree = "<group>";
		};
		D7DD57842ACB56D500685F30 /* Add */ = {
			isa = PBXGroup;
			children = (
				D7DD57A32ACB57F200685F30 /* Add.swift */,
				D7DD57A42ACB57F200685F30 /* AddViewModel.swift */,
				D7DD57982ACB57A000685F30 /* AddExercise.swift */,
				D7DD578E2ACB576000685F30 /* AddExerciseViewModel.swift */,
				8F4C30322ACC85F900A4ADDD /* ExerciseItem.swift */,
				8F818F522ACF1DB800202EDC /* DisplayExercise.swift */,
				8F445F862AD44164006F5D45 /* AddWorkout.swift */,
				8F445F882AD44171006F5D45 /* AddWorkoutViewModel.swift */,
			);
			path = Add;
			sourceTree = "<group>";
		};
		D7DD57862ACB56E700685F30 /* Home */ = {
			isa = PBXGroup;
			children = (
				D7DD579E2ACB57C800685F30 /* Home.swift */,
				8F8E07712B24512F00D4C0F0 /* HomeViewModel.swift */,
				D7DD578C2ACB575F00685F30 /* DisplayWorkouts.swift */,
				8F8E07732B24552300D4C0F0 /* DisplayWorkoutsViewModel.swift */,
				8F5FC1352B23713700DDEA6D /* WorkoutItem.swift */,
				8F09DD662B24A5D700550F48 /* DisplayExerciseHome.swift */,
			);
			path = Home;
			sourceTree = "<group>";
		};
		D7DD57872ACB56ED00685F30 /* Authentication */ = {
			isa = PBXGroup;
			children = (
				D7DD579A2ACB57B900685F30 /* AuthenticationManager.swift */,
				D7DD579B2ACB57B900685F30 /* AuthenticationView.swift */,
			);
			path = Authentication;
			sourceTree = "<group>";
		};
		D7DD57882ACB56F300685F30 /* Components */ = {
			isa = PBXGroup;
			children = (
				D7DD578F2ACB576000685F30 /* ButtonLightweight.swift */,
				D7DD57912ACB576000685F30 /* UserStatView.swift */,
				D7DD578D2ACB575F00685F30 /* WorkoutStatView.swift */,
				8F4C30342ACC8AA600A4ADDD /* Extension.swift */,
			);
			path = Components;
			sourceTree = "<group>";
		};
		D7DD57892ACB570300685F30 /* TabBar */ = {
			isa = PBXGroup;
			children = (
				D7DD578A2ACB572F00685F30 /* MainTabView.swift */,
			);
			path = TabBar;
			sourceTree = "<group>";
		};
		D7DD57E42ACB59BB00685F30 /* Frameworks */ = {
			isa = PBXGroup;
			children = (
			);
			name = Frameworks;
			sourceTree = "<group>";
		};
/* End PBXGroup section */

/* Begin PBXNativeTarget section */
		D7DD576A2ACB553600685F30 /* Lightweight */ = {
			isa = PBXNativeTarget;
			buildConfigurationList = D7DD57792ACB553D00685F30 /* Build configuration list for PBXNativeTarget "Lightweight" */;
			buildPhases = (
				D7DD57672ACB553600685F30 /* Sources */,
				D7DD57682ACB553600685F30 /* Frameworks */,
				D7DD57692ACB553600685F30 /* Resources */,
			);
			buildRules = (
			);
			dependencies = (
			);
			name = Lightweight;
			packageProductDependencies = (
				D7DD57AE2ACB593700685F30 /* FirebaseAnalytics */,
				D7DD57B22ACB593700685F30 /* FirebaseAnalyticsSwift */,
				D7DD57BA2ACB593700685F30 /* FirebaseAuth */,
				D7DD57C62ACB593700685F30 /* FirebaseFirestore */,
				D7DD57CA2ACB593700685F30 /* FirebaseFirestoreSwift */,
			);
			productName = Lightweight;
			productReference = D7DD576B2ACB553600685F30 /* Lightweight.app */;
			productType = "com.apple.product-type.application";
		};
/* End PBXNativeTarget section */

/* Begin PBXProject section */
		D7DD57632ACB553600685F30 /* Project object */ = {
			isa = PBXProject;
			attributes = {
				BuildIndependentTargetsInParallel = 1;
				LastSwiftUpdateCheck = 1500;
				LastUpgradeCheck = 1500;
				TargetAttributes = {
					D7DD576A2ACB553600685F30 = {
						CreatedOnToolsVersion = 15.0;
					};
				};
			};
			buildConfigurationList = D7DD57662ACB553600685F30 /* Build configuration list for PBXProject "Lightweight" */;
			compatibilityVersion = "Xcode 14.0";
			developmentRegion = en;
			hasScannedForEncodings = 0;
			knownRegions = (
				en,
				Base,
			);
			mainGroup = D7DD57622ACB553600685F30;
			packageReferences = (
				D7DD57AD2ACB593700685F30 /* XCRemoteSwiftPackageReference "firebase-ios-sdk" */,
			);
			productRefGroup = D7DD576C2ACB553600685F30 /* Products */;
			projectDirPath = "";
			projectRoot = "";
			targets = (
				D7DD576A2ACB553600685F30 /* Lightweight */,
			);
		};
/* End PBXProject section */

/* Begin PBXResourcesBuildPhase section */
		D7DD57692ACB553600685F30 /* Resources */ = {
			isa = PBXResourcesBuildPhase;
			buildActionMask = 2147483647;
			files = (
				D7DD57762ACB553D00685F30 /* Preview Assets.xcassets in Resources */,
				D7DD57AC2ACB58B900685F30 /* Assets.xcassets in Resources */,
				D7DD577D2ACB55A200685F30 /* GoogleService-Info.plist in Resources */,
			);
			runOnlyForDeploymentPostprocessing = 0;
		};
/* End PBXResourcesBuildPhase section */

/* Begin PBXSourcesBuildPhase section */
		D7DD57672ACB553600685F30 /* Sources */ = {
			isa = PBXSourcesBuildPhase;
			buildActionMask = 2147483647;
			files = (
				D7DD57922ACB576000685F30 /* DisplayWorkouts.swift in Sources */,
				8F8E07722B24512F00D4C0F0 /* HomeViewModel.swift in Sources */,
				D7DD57932ACB576000685F30 /* WorkoutStatView.swift in Sources */,
				D7DD57A62ACB57F200685F30 /* AddViewModel.swift in Sources */,
				8F445F892AD44171006F5D45 /* AddWorkoutViewModel.swift in Sources */,
				D7DD57972ACB576000685F30 /* UserStatView.swift in Sources */,
				D7DD579C2ACB57B900685F30 /* AuthenticationManager.swift in Sources */,
				D7DD57952ACB576000685F30 /* ButtonLightweight.swift in Sources */,
				D7DD57942ACB576000685F30 /* AddExerciseViewModel.swift in Sources */,
				D7DD576F2ACB553600685F30 /* LightweightApp.swift in Sources */,
				8F4C30332ACC85F900A4ADDD /* ExerciseItem.swift in Sources */,
				D7DD57A82ACB57FF00685F30 /* SettingsView.swift in Sources */,
				8F445F872AD44164006F5D45 /* AddWorkout.swift in Sources */,
				D7DD579D2ACB57B900685F30 /* AuthenticationView.swift in Sources */,
				8F4C30352ACC8AA600A4ADDD /* Extension.swift in Sources */,
				8F818F532ACF1DB800202EDC /* DisplayExercise.swift in Sources */,
				D7DD57A52ACB57F200685F30 /* Add.swift in Sources */,
				D7DD57992ACB57A000685F30 /* AddExercise.swift in Sources */,
				8F8E07742B24552300D4C0F0 /* DisplayWorkoutsViewModel.swift in Sources */,
				8F09DD672B24A5D700550F48 /* DisplayExerciseHome.swift in Sources */,
				D7DD577F2ACB55E700685F30 /* RootView.swift in Sources */,
				8F5FC1362B23713700DDEA6D /* WorkoutItem.swift in Sources */,
				D7DD579F2ACB57C800685F30 /* Home.swift in Sources */,
				D7DD578B2ACB572F00685F30 /* MainTabView.swift in Sources */,
			);
			runOnlyForDeploymentPostprocessing = 0;
		};
/* End PBXSourcesBuildPhase section */

/* Begin XCBuildConfiguration section */
		D7DD57772ACB553D00685F30 /* Debug */ = {
			isa = XCBuildConfiguration;
			buildSettings = {
				ALWAYS_SEARCH_USER_PATHS = NO;
				ASSETCATALOG_COMPILER_GENERATE_SWIFT_ASSET_SYMBOL_EXTENSIONS = YES;
				CLANG_ANALYZER_NONNULL = YES;
				CLANG_ANALYZER_NUMBER_OBJECT_CONVERSION = YES_AGGRESSIVE;
				CLANG_CXX_LANGUAGE_STANDARD = "gnu++20";
				CLANG_ENABLE_MODULES = YES;
				CLANG_ENABLE_OBJC_ARC = YES;
				CLANG_ENABLE_OBJC_WEAK = YES;
				CLANG_WARN_BLOCK_CAPTURE_AUTORELEASING = YES;
				CLANG_WARN_BOOL_CONVERSION = YES;
				CLANG_WARN_COMMA = YES;
				CLANG_WARN_CONSTANT_CONVERSION = YES;
				CLANG_WARN_DEPRECATED_OBJC_IMPLEMENTATIONS = YES;
				CLANG_WARN_DIRECT_OBJC_ISA_USAGE = YES_ERROR;
				CLANG_WARN_DOCUMENTATION_COMMENTS = YES;
				CLANG_WARN_EMPTY_BODY = YES;
				CLANG_WARN_ENUM_CONVERSION = YES;
				CLANG_WARN_INFINITE_RECURSION = YES;
				CLANG_WARN_INT_CONVERSION = YES;
				CLANG_WARN_NON_LITERAL_NULL_CONVERSION = YES;
				CLANG_WARN_OBJC_IMPLICIT_RETAIN_SELF = YES;
				CLANG_WARN_OBJC_LITERAL_CONVERSION = YES;
				CLANG_WARN_OBJC_ROOT_CLASS = YES_ERROR;
				CLANG_WARN_QUOTED_INCLUDE_IN_FRAMEWORK_HEADER = YES;
				CLANG_WARN_RANGE_LOOP_ANALYSIS = YES;
				CLANG_WARN_STRICT_PROTOTYPES = YES;
				CLANG_WARN_SUSPICIOUS_MOVE = YES;
				CLANG_WARN_UNGUARDED_AVAILABILITY = YES_AGGRESSIVE;
				CLANG_WARN_UNREACHABLE_CODE = YES;
				CLANG_WARN__DUPLICATE_METHOD_MATCH = YES;
				COPY_PHASE_STRIP = NO;
				DEBUG_INFORMATION_FORMAT = dwarf;
				ENABLE_STRICT_OBJC_MSGSEND = YES;
				ENABLE_TESTABILITY = YES;
				ENABLE_USER_SCRIPT_SANDBOXING = YES;
				GCC_C_LANGUAGE_STANDARD = gnu17;
				GCC_DYNAMIC_NO_PIC = NO;
				GCC_NO_COMMON_BLOCKS = YES;
				GCC_OPTIMIZATION_LEVEL = 0;
				GCC_PREPROCESSOR_DEFINITIONS = (
					"DEBUG=1",
					"$(inherited)",
				);
				GCC_WARN_64_TO_32_BIT_CONVERSION = YES;
				GCC_WARN_ABOUT_RETURN_TYPE = YES_ERROR;
				GCC_WARN_UNDECLARED_SELECTOR = YES;
				GCC_WARN_UNINITIALIZED_AUTOS = YES_AGGRESSIVE;
				GCC_WARN_UNUSED_FUNCTION = YES;
				GCC_WARN_UNUSED_VARIABLE = YES;
				IPHONEOS_DEPLOYMENT_TARGET = 17.0;
				LOCALIZATION_PREFERS_STRING_CATALOGS = YES;
				MTL_ENABLE_DEBUG_INFO = INCLUDE_SOURCE;
				MTL_FAST_MATH = YES;
				ONLY_ACTIVE_ARCH = YES;
				SDKROOT = iphoneos;
				SWIFT_ACTIVE_COMPILATION_CONDITIONS = "DEBUG $(inherited)";
				SWIFT_OPTIMIZATION_LEVEL = "-Onone";
			};
			name = Debug;
		};
		D7DD57782ACB553D00685F30 /* Release */ = {
			isa = XCBuildConfiguration;
			buildSettings = {
				ALWAYS_SEARCH_USER_PATHS = NO;
				ASSETCATALOG_COMPILER_GENERATE_SWIFT_ASSET_SYMBOL_EXTENSIONS = YES;
				CLANG_ANALYZER_NONNULL = YES;
				CLANG_ANALYZER_NUMBER_OBJECT_CONVERSION = YES_AGGRESSIVE;
				CLANG_CXX_LANGUAGE_STANDARD = "gnu++20";
				CLANG_ENABLE_MODULES = YES;
				CLANG_ENABLE_OBJC_ARC = YES;
				CLANG_ENABLE_OBJC_WEAK = YES;
				CLANG_WARN_BLOCK_CAPTURE_AUTORELEASING = YES;
				CLANG_WARN_BOOL_CONVERSION = YES;
				CLANG_WARN_COMMA = YES;
				CLANG_WARN_CONSTANT_CONVERSION = YES;
				CLANG_WARN_DEPRECATED_OBJC_IMPLEMENTATIONS = YES;
				CLANG_WARN_DIRECT_OBJC_ISA_USAGE = YES_ERROR;
				CLANG_WARN_DOCUMENTATION_COMMENTS = YES;
				CLANG_WARN_EMPTY_BODY = YES;
				CLANG_WARN_ENUM_CONVERSION = YES;
				CLANG_WARN_INFINITE_RECURSION = YES;
				CLANG_WARN_INT_CONVERSION = YES;
				CLANG_WARN_NON_LITERAL_NULL_CONVERSION = YES;
				CLANG_WARN_OBJC_IMPLICIT_RETAIN_SELF = YES;
				CLANG_WARN_OBJC_LITERAL_CONVERSION = YES;
				CLANG_WARN_OBJC_ROOT_CLASS = YES_ERROR;
				CLANG_WARN_QUOTED_INCLUDE_IN_FRAMEWORK_HEADER = YES;
				CLANG_WARN_RANGE_LOOP_ANALYSIS = YES;
				CLANG_WARN_STRICT_PROTOTYPES = YES;
				CLANG_WARN_SUSPICIOUS_MOVE = YES;
				CLANG_WARN_UNGUARDED_AVAILABILITY = YES_AGGRESSIVE;
				CLANG_WARN_UNREACHABLE_CODE = YES;
				CLANG_WARN__DUPLICATE_METHOD_MATCH = YES;
				COPY_PHASE_STRIP = NO;
				DEBUG_INFORMATION_FORMAT = "dwarf-with-dsym";
				ENABLE_NS_ASSERTIONS = NO;
				ENABLE_STRICT_OBJC_MSGSEND = YES;
				ENABLE_USER_SCRIPT_SANDBOXING = YES;
				GCC_C_LANGUAGE_STANDARD = gnu17;
				GCC_NO_COMMON_BLOCKS = YES;
				GCC_WARN_64_TO_32_BIT_CONVERSION = YES;
				GCC_WARN_ABOUT_RETURN_TYPE = YES_ERROR;
				GCC_WARN_UNDECLARED_SELECTOR = YES;
				GCC_WARN_UNINITIALIZED_AUTOS = YES_AGGRESSIVE;
				GCC_WARN_UNUSED_FUNCTION = YES;
				GCC_WARN_UNUSED_VARIABLE = YES;
				IPHONEOS_DEPLOYMENT_TARGET = 17.0;
				LOCALIZATION_PREFERS_STRING_CATALOGS = YES;
				MTL_ENABLE_DEBUG_INFO = NO;
				MTL_FAST_MATH = YES;
				SDKROOT = iphoneos;
				SWIFT_COMPILATION_MODE = wholemodule;
				VALIDATE_PRODUCT = YES;
			};
			name = Release;
		};
		D7DD577A2ACB553D00685F30 /* Debug */ = {
			isa = XCBuildConfiguration;
			buildSettings = {
				ASSETCATALOG_COMPILER_APPICON_NAME = AppIcon;
				ASSETCATALOG_COMPILER_GLOBAL_ACCENT_COLOR_NAME = AccentColor;
				CODE_SIGN_STYLE = Automatic;
				CURRENT_PROJECT_VERSION = 1;
				DEVELOPMENT_ASSET_PATHS = "\"Lightweight/Preview Content\"";
				DEVELOPMENT_TEAM = AR7J7FM993;
				ENABLE_PREVIEWS = YES;
				GENERATE_INFOPLIST_FILE = YES;
				INFOPLIST_KEY_UIApplicationSceneManifest_Generation = YES;
				INFOPLIST_KEY_UIApplicationSupportsIndirectInputEvents = YES;
				INFOPLIST_KEY_UILaunchScreen_Generation = YES;
				INFOPLIST_KEY_UISupportedInterfaceOrientations_iPad = "UIInterfaceOrientationPortrait UIInterfaceOrientationPortraitUpsideDown UIInterfaceOrientationLandscapeLeft UIInterfaceOrientationLandscapeRight";
				INFOPLIST_KEY_UISupportedInterfaceOrientations_iPhone = "UIInterfaceOrientationPortrait UIInterfaceOrientationLandscapeLeft UIInterfaceOrientationLandscapeRight";
				IPHONEOS_DEPLOYMENT_TARGET = 16.4;
				LD_RUNPATH_SEARCH_PATHS = (
					"$(inherited)",
					"@executable_path/Frameworks",
				);
				MARKETING_VERSION = 1.0;
				PRODUCT_BUNDLE_IDENTIFIER = com.example.leonard.Lightweight;
				PRODUCT_NAME = "$(TARGET_NAME)";
				SWIFT_EMIT_LOC_STRINGS = YES;
				SWIFT_VERSION = 5.0;
				TARGETED_DEVICE_FAMILY = "1,2";
			};
			name = Debug;
		};
		D7DD577B2ACB553D00685F30 /* Release */ = {
			isa = XCBuildConfiguration;
			buildSettings = {
				ASSETCATALOG_COMPILER_APPICON_NAME = AppIcon;
				ASSETCATALOG_COMPILER_GLOBAL_ACCENT_COLOR_NAME = AccentColor;
				CODE_SIGN_STYLE = Automatic;
				CURRENT_PROJECT_VERSION = 1;
				DEVELOPMENT_ASSET_PATHS = "\"Lightweight/Preview Content\"";
				DEVELOPMENT_TEAM = AR7J7FM993;
				ENABLE_PREVIEWS = YES;
				GENERATE_INFOPLIST_FILE = YES;
				INFOPLIST_KEY_UIApplicationSceneManifest_Generation = YES;
				INFOPLIST_KEY_UIApplicationSupportsIndirectInputEvents = YES;
				INFOPLIST_KEY_UILaunchScreen_Generation = YES;
				INFOPLIST_KEY_UISupportedInterfaceOrientations_iPad = "UIInterfaceOrientationPortrait UIInterfaceOrientationPortraitUpsideDown UIInterfaceOrientationLandscapeLeft UIInterfaceOrientationLandscapeRight";
				INFOPLIST_KEY_UISupportedInterfaceOrientations_iPhone = "UIInterfaceOrientationPortrait UIInterfaceOrientationLandscapeLeft UIInterfaceOrientationLandscapeRight";
				IPHONEOS_DEPLOYMENT_TARGET = 16.4;
				LD_RUNPATH_SEARCH_PATHS = (
					"$(inherited)",
					"@executable_path/Frameworks",
				);
				MARKETING_VERSION = 1.0;
				PRODUCT_BUNDLE_IDENTIFIER = com.example.leonard.Lightweight;
				PRODUCT_NAME = "$(TARGET_NAME)";
				SWIFT_EMIT_LOC_STRINGS = YES;
				SWIFT_VERSION = 5.0;
				TARGETED_DEVICE_FAMILY = "1,2";
			};
			name = Release;
		};
/* End XCBuildConfiguration section */

/* Begin XCConfigurationList section */
		D7DD57662ACB553600685F30 /* Build configuration list for PBXProject "Lightweight" */ = {
			isa = XCConfigurationList;
			buildConfigurations = (
				D7DD57772ACB553D00685F30 /* Debug */,
				D7DD57782ACB553D00685F30 /* Release */,
			);
			defaultConfigurationIsVisible = 0;
			defaultConfigurationName = Release;
		};
		D7DD57792ACB553D00685F30 /* Build configuration list for PBXNativeTarget "Lightweight" */ = {
			isa = XCConfigurationList;
			buildConfigurations = (
				D7DD577A2ACB553D00685F30 /* Debug */,
				D7DD577B2ACB553D00685F30 /* Release */,
			);
			defaultConfigurationIsVisible = 0;
			defaultConfigurationName = Release;
		};
/* End XCConfigurationList section */

/* Begin XCRemoteSwiftPackageReference section */
		D7DD57AD2ACB593700685F30 /* XCRemoteSwiftPackageReference "firebase-ios-sdk" */ = {
			isa = XCRemoteSwiftPackageReference;
			repositoryURL = "https://github.com/firebase/firebase-ios-sdk";
			requirement = {
				kind = upToNextMajorVersion;
				minimumVersion = 10.15.0;
			};
		};
/* End XCRemoteSwiftPackageReference section */

/* Begin XCSwiftPackageProductDependency section */
		D7DD57AE2ACB593700685F30 /* FirebaseAnalytics */ = {
			isa = XCSwiftPackageProductDependency;
			package = D7DD57AD2ACB593700685F30 /* XCRemoteSwiftPackageReference "firebase-ios-sdk" */;
			productName = FirebaseAnalytics;
		};
		D7DD57B22ACB593700685F30 /* FirebaseAnalyticsSwift */ = {
			isa = XCSwiftPackageProductDependency;
			package = D7DD57AD2ACB593700685F30 /* XCRemoteSwiftPackageReference "firebase-ios-sdk" */;
			productName = FirebaseAnalyticsSwift;
		};
		D7DD57BA2ACB593700685F30 /* FirebaseAuth */ = {
			isa = XCSwiftPackageProductDependency;
			package = D7DD57AD2ACB593700685F30 /* XCRemoteSwiftPackageReference "firebase-ios-sdk" */;
			productName = FirebaseAuth;
		};
		D7DD57C62ACB593700685F30 /* FirebaseFirestore */ = {
			isa = XCSwiftPackageProductDependency;
			package = D7DD57AD2ACB593700685F30 /* XCRemoteSwiftPackageReference "firebase-ios-sdk" */;
			productName = FirebaseFirestore;
		};
		D7DD57CA2ACB593700685F30 /* FirebaseFirestoreSwift */ = {
			isa = XCSwiftPackageProductDependency;
			package = D7DD57AD2ACB593700685F30 /* XCRemoteSwiftPackageReference "firebase-ios-sdk" */;
			productName = FirebaseFirestoreSwift;
		};
/* End XCSwiftPackageProductDependency section */
	};
	rootObject = D7DD57632ACB553600685F30 /* Project object */;
}
